
Microsoft Visual Studio Solution File, Format Version 12.00
# Visual Studio Version 17
VisualStudioVersion = 17.10.35122.118
MinimumVisualStudioVersion = 10.0.40219.1
Project("{FAE04EC0-301F-11D3-BF4B-00C04F79EFBC}") = "CurrencyConverter_Static", "CurrencyConverter_Static\CurrencyConverter_Static.csproj", "{ED344F21-7F37-4DCC-AEB5-896B21FAFCB9}"
EndProject
Global
	GlobalSection(SolutionConfigurationPlatforms) = preSolution
		Debug|Any CPU = Debug|Any CPU
		Release|Any CPU = Release|Any CPU
	EndGlobalSection
	GlobalSection(ProjectConfigurationPlatforms) = postSolution
		{ED344F21-7F37-4DCC-AEB5-896B21FAFCB9}.Debug|Any CPU.ActiveCfg = Debug|Any CPU
		{ED344F21-7F37-4DCC-AEB5-896B21FAFCB9}.Debug|Any CPU.Build.0 = Debug|Any CPU
		{ED344F21-7F37-4DCC-AEB5-896B21FAFCB9}.Release|Any CPU.ActiveCfg = Release|Any CPU
		{ED344F21-7F37-4DCC-AEB5-896B21FAFCB9}.Release|Any CPU.Build.0 = Release|Any CPU
	EndGlobalSection
	GlobalSection(SolutionProperties) = preSolution
		HideSolutionNode = FALSE
	EndGlobalSection
	GlobalSection(ExtensibilityGlobals) = postSolution
		SolutionGuid = {4E55F6BC-90D9-4FC9-8FBA-BB3EAAF2DADB}
	EndGlobalSection
EndGlobal
